
Microsoft Visual Studio Solution File, Format Version 12.00
# Visual Studio Version 17
VisualStudioVersion = 17.5.002.0
MinimumVisualStudioVersion = 10.0.40219.1
Project("{9A19103F-16F7-4668-BE54-9A1E7A4F7556}") = "newApp", "newApp.csproj", "{941C0158-6DF5-4505-81DC-F2150A102BF6}"
EndProject
Global
	GlobalSection(SolutionConfigurationPlatforms) = preSolution
		Debug|Any CPU = Debug|Any CPU
		Release|Any CPU = Release|Any CPU
	EndGlobalSection
	GlobalSection(ProjectConfigurationPlatforms) = postSolution
		{941C0158-6DF5-4505-81DC-F2150A102BF6}.Debug|Any CPU.ActiveCfg = Debug|Any CPU
		{941C0158-6DF5-4505-81DC-F2150A102BF6}.Debug|Any CPU.Build.0 = Debug|Any CPU
		{941C0158-6DF5-4505-81DC-F2150A102BF6}.Release|Any CPU.ActiveCfg = Release|Any CPU
		{941C0158-6DF5-4505-81DC-F2150A102BF6}.Release|Any CPU.Build.0 = Release|Any CPU
	EndGlobalSection
	GlobalSection(SolutionProperties) = preSolution
		HideSolutionNode = FALSE
	EndGlobalSection
	GlobalSection(ExtensibilityGlobals) = postSolution
		SolutionGuid = {9A27170E-6D56-4D91-B905-FCA4251971CB}
	EndGlobalSection
EndGlobal
